
Microsoft Visual Studio Solution File, Format Version 12.00
# Visual Studio Version 17
VisualStudioVersion = 17.13.35825.156 d17.13
MinimumVisualStudioVersion = 10.0.40219.1
Project("{FAE04EC0-301F-11D3-BF4B-00C04F79EFBC}") = "SpaceShooterXz", "SpaceShooterXz\SpaceShooterXz.csproj", "{91A9FCE4-5DD7-4DA7-A8E4-E319D4E64073}"
EndProject
Global
	GlobalSection(SolutionConfigurationPlatforms) = preSolution
		Debug|Any CPU = Debug|Any CPU
		Release|Any CPU = Release|Any CPU
	EndGlobalSection
	GlobalSection(ProjectConfigurationPlatforms) = postSolution
		{91A9FCE4-5DD7-4DA7-A8E4-E319D4E64073}.Debug|Any CPU.ActiveCfg = Debug|Any CPU
		{91A9FCE4-5DD7-4DA7-A8E4-E319D4E64073}.Debug|Any CPU.Build.0 = Debug|Any CPU
		{91A9FCE4-5DD7-4DA7-A8E4-E319D4E64073}.Release|Any CPU.ActiveCfg = Release|Any CPU
		{91A9FCE4-5DD7-4DA7-A8E4-E319D4E64073}.Release|Any CPU.Build.0 = Release|Any CPU
	EndGlobalSection
	GlobalSection(SolutionProperties) = preSolution
		HideSolutionNode = FALSE
	EndGlobalSection
	GlobalSection(ExtensibilityGlobals) = postSolution
		SolutionGuid = {D77DA5DB-F431-4B2C-ACDF-08B47F235F78}
	EndGlobalSection
EndGlobal
